
Microsoft Visual Studio Solution File, Format Version 12.00
# Visual Studio Version 17
VisualStudioVersion = 17.10.35122.118
MinimumVisualStudioVersion = 10.0.40219.1
Project("{9A19103F-16F7-4668-BE54-9A1E7A4F7556}") = "FileStorage", "FileStorage.csproj", "{9196B683-F0E0-4BD5-BA4E-277D2FC77E6A}"
EndProject
Project("{FAE04EC0-301F-11D3-BF4B-00C04F79EFBC}") = "FileStorage.Test", "..\FileStorage.Test\FileStorage.Test.csproj", "{8CB08CD6-CA19-4F99-8F35-687B0C2744B6}"
EndProject
Global
	GlobalSection(SolutionConfigurationPlatforms) = preSolution
		Debug|Any CPU = Debug|Any CPU
		Release|Any CPU = Release|Any CPU
	EndGlobalSection
	GlobalSection(ProjectConfigurationPlatforms) = postSolution
		{9196B683-F0E0-4BD5-BA4E-277D2FC77E6A}.Debug|Any CPU.ActiveCfg = Debug|Any CPU
		{9196B683-F0E0-4BD5-BA4E-277D2FC77E6A}.Debug|Any CPU.Build.0 = Debug|Any CPU
		{9196B683-F0E0-4BD5-BA4E-277D2FC77E6A}.Release|Any CPU.ActiveCfg = Release|Any CPU
		{9196B683-F0E0-4BD5-BA4E-277D2FC77E6A}.Release|Any CPU.Build.0 = Release|Any CPU
		{8CB08CD6-CA19-4F99-8F35-687B0C2744B6}.Debug|Any CPU.ActiveCfg = Debug|Any CPU
		{8CB08CD6-CA19-4F99-8F35-687B0C2744B6}.Debug|Any CPU.Build.0 = Debug|Any CPU
		{8CB08CD6-CA19-4F99-8F35-687B0C2744B6}.Release|Any CPU.ActiveCfg = Release|Any CPU
		{8CB08CD6-CA19-4F99-8F35-687B0C2744B6}.Release|Any CPU.Build.0 = Release|Any CPU
	EndGlobalSection
	GlobalSection(SolutionProperties) = preSolution
		HideSolutionNode = FALSE
	EndGlobalSection
	GlobalSection(ExtensibilityGlobals) = postSolution
		SolutionGuid = {C18A3841-C77C-42B8-96E4-E4218E2355CE}
	EndGlobalSection
EndGlobal
